{
  "name": "datadog-restify",
  "version": "1.0.0",
  "lockfileVersion": 1,
  "requires": true,
  "dependencies": {
    "node-dogstatsd": {
      "version": "0.0.6",
      "resolved": "https://registry.npmjs.org/node-dogstatsd/-/node-dogstatsd-0.0.6.tgz",
      "integrity": "sha1-1pfk0ZA6f/DBZHnNXRzeBDc34Ec="
    }
  }
}
